
Microsoft Visual Studio Solution File, Format Version 12.00
# Visual Studio Version 16
VisualStudioVersion = 16.0.29215.179
MinimumVisualStudioVersion = 10.0.40219.1
Project("{FAE04EC0-301F-11D3-BF4B-00C04F79EFBC}") = "DataGrabber", "DataGrabber\DataGrabber.csproj", "{7CC47790-D546-4860-959F-3AD4734EB455}"
EndProject
Project("{FAE04EC0-301F-11D3-BF4B-00C04F79EFBC}") = "JPLC", "..\..\..\Documents\GitHub\JPLC\JPLC\JPLC.csproj", "{BFB5D20C-21E0-4B5C-80FB-48CC74A1A876}"
EndProject
Global
	GlobalSection(SolutionConfigurationPlatforms) = preSolution
		Debug|Any CPU = Debug|Any CPU
		Release|Any CPU = Release|Any CPU
	EndGlobalSection
	GlobalSection(ProjectConfigurationPlatforms) = postSolution
		{7CC47790-D546-4860-959F-3AD4734EB455}.Debug|Any CPU.ActiveCfg = Debug|Any CPU
		{7CC47790-D546-4860-959F-3AD4734EB455}.Debug|Any CPU.Build.0 = Debug|Any CPU
		{7CC47790-D546-4860-959F-3AD4734EB455}.Release|Any CPU.ActiveCfg = Release|Any CPU
		{7CC47790-D546-4860-959F-3AD4734EB455}.Release|Any CPU.Build.0 = Release|Any CPU
		{BFB5D20C-21E0-4B5C-80FB-48CC74A1A876}.Debug|Any CPU.ActiveCfg = Debug|Any CPU
		{BFB5D20C-21E0-4B5C-80FB-48CC74A1A876}.Debug|Any CPU.Build.0 = Debug|Any CPU
		{BFB5D20C-21E0-4B5C-80FB-48CC74A1A876}.Release|Any CPU.ActiveCfg = Release|Any CPU
		{BFB5D20C-21E0-4B5C-80FB-48CC74A1A876}.Release|Any CPU.Build.0 = Release|Any CPU
	EndGlobalSection
	GlobalSection(SolutionProperties) = preSolution
		HideSolutionNode = FALSE
	EndGlobalSection
	GlobalSection(ExtensibilityGlobals) = postSolution
		SolutionGuid = {156BFD30-A833-4D8C-89BC-776C0F2E4EF1}
	EndGlobalSection
EndGlobal
